
Microsoft Visual Studio Solution File, Format Version 12.00
# Visual Studio Version 17
VisualStudioVersion = 17.10.34916.146
MinimumVisualStudioVersion = 10.0.40219.1
Project("{FAE04EC0-301F-11D3-BF4B-00C04F79EFBC}") = "Dizajn_zavrsni", "Dizajn_zavrsni\Dizajn_zavrsni.csproj", "{00F31316-D579-4FB3-8066-592691D8F3E5}"
EndProject
Global
	GlobalSection(SolutionConfigurationPlatforms) = preSolution
		Debug|Any CPU = Debug|Any CPU
		Release|Any CPU = Release|Any CPU
	EndGlobalSection
	GlobalSection(ProjectConfigurationPlatforms) = postSolution
		{00F31316-D579-4FB3-8066-592691D8F3E5}.Debug|Any CPU.ActiveCfg = Debug|Any CPU
		{00F31316-D579-4FB3-8066-592691D8F3E5}.Debug|Any CPU.Build.0 = Debug|Any CPU
		{00F31316-D579-4FB3-8066-592691D8F3E5}.Release|Any CPU.ActiveCfg = Release|Any CPU
		{00F31316-D579-4FB3-8066-592691D8F3E5}.Release|Any CPU.Build.0 = Release|Any CPU
	EndGlobalSection
	GlobalSection(SolutionProperties) = preSolution
		HideSolutionNode = FALSE
	EndGlobalSection
	GlobalSection(ExtensibilityGlobals) = postSolution
		SolutionGuid = {8CD757BC-9916-448B-A4EB-D8E795E87C45}
	EndGlobalSection
EndGlobal
