
Microsoft Visual Studio Solution File, Format Version 12.00
# Visual Studio Version 17
VisualStudioVersion = 17.10.34916.146
MinimumVisualStudioVersion = 10.0.40219.1
Project("{FAE04EC0-301F-11D3-BF4B-00C04F79EFBC}") = "Dizajn", "Dizajn\Dizajn.csproj", "{C223EB85-6C5E-408A-9381-06630B0488BC}"
EndProject
Project("{FAE04EC0-301F-11D3-BF4B-00C04F79EFBC}") = "WebAPI", "WebAPI\WebAPI.csproj", "{A7128909-A636-432F-A310-C93B3D54EB18}"
EndProject
Global
	GlobalSection(SolutionConfigurationPlatforms) = preSolution
		Debug|Any CPU = Debug|Any CPU
		Release|Any CPU = Release|Any CPU
	EndGlobalSection
	GlobalSection(ProjectConfigurationPlatforms) = postSolution
		{C223EB85-6C5E-408A-9381-06630B0488BC}.Debug|Any CPU.ActiveCfg = Debug|Any CPU
		{C223EB85-6C5E-408A-9381-06630B0488BC}.Debug|Any CPU.Build.0 = Debug|Any CPU
		{C223EB85-6C5E-408A-9381-06630B0488BC}.Release|Any CPU.ActiveCfg = Release|Any CPU
		{C223EB85-6C5E-408A-9381-06630B0488BC}.Release|Any CPU.Build.0 = Release|Any CPU
		{A7128909-A636-432F-A310-C93B3D54EB18}.Debug|Any CPU.ActiveCfg = Debug|Any CPU
		{A7128909-A636-432F-A310-C93B3D54EB18}.Debug|Any CPU.Build.0 = Debug|Any CPU
		{A7128909-A636-432F-A310-C93B3D54EB18}.Release|Any CPU.ActiveCfg = Release|Any CPU
		{A7128909-A636-432F-A310-C93B3D54EB18}.Release|Any CPU.Build.0 = Release|Any CPU
	EndGlobalSection
	GlobalSection(SolutionProperties) = preSolution
		HideSolutionNode = FALSE
	EndGlobalSection
	GlobalSection(ExtensibilityGlobals) = postSolution
		SolutionGuid = {41C9BF53-B589-4916-9490-978C45E16255}
	EndGlobalSection
EndGlobal
